
Microsoft Visual Studio Solution File, Format Version 12.00
# Visual Studio Version 17
VisualStudioVersion = 17.13.35931.197
MinimumVisualStudioVersion = 10.0.40219.1
Project("{FAE04EC0-301F-11D3-BF4B-00C04F79EFBC}") = "ej1", "ej1\ej1.csproj", "{318B630B-BD1B-48A5-BD3E-C8E872E31B94}"
EndProject
Project("{FAE04EC0-301F-11D3-BF4B-00C04F79EFBC}") = "ej2", "ej2\ej2.csproj", "{18D75B57-FFB8-483C-837A-DDC3B455D4EC}"
EndProject
Project("{FAE04EC0-301F-11D3-BF4B-00C04F79EFBC}") = "ej3", "ej3\ej3.csproj", "{FABCE39C-D035-4789-A706-6198388772D4}"
EndProject
Global
	GlobalSection(SolutionConfigurationPlatforms) = preSolution
		Debug|Any CPU = Debug|Any CPU
		Release|Any CPU = Release|Any CPU
	EndGlobalSection
	GlobalSection(ProjectConfigurationPlatforms) = postSolution
		{318B630B-BD1B-48A5-BD3E-C8E872E31B94}.Debug|Any CPU.ActiveCfg = Debug|Any CPU
		{318B630B-BD1B-48A5-BD3E-C8E872E31B94}.Debug|Any CPU.Build.0 = Debug|Any CPU
		{318B630B-BD1B-48A5-BD3E-C8E872E31B94}.Release|Any CPU.ActiveCfg = Release|Any CPU
		{318B630B-BD1B-48A5-BD3E-C8E872E31B94}.Release|Any CPU.Build.0 = Release|Any CPU
		{18D75B57-FFB8-483C-837A-DDC3B455D4EC}.Debug|Any CPU.ActiveCfg = Debug|Any CPU
		{18D75B57-FFB8-483C-837A-DDC3B455D4EC}.Debug|Any CPU.Build.0 = Debug|Any CPU
		{18D75B57-FFB8-483C-837A-DDC3B455D4EC}.Release|Any CPU.ActiveCfg = Release|Any CPU
		{18D75B57-FFB8-483C-837A-DDC3B455D4EC}.Release|Any CPU.Build.0 = Release|Any CPU
		{FABCE39C-D035-4789-A706-6198388772D4}.Debug|Any CPU.ActiveCfg = Debug|Any CPU
		{FABCE39C-D035-4789-A706-6198388772D4}.Debug|Any CPU.Build.0 = Debug|Any CPU
		{FABCE39C-D035-4789-A706-6198388772D4}.Release|Any CPU.ActiveCfg = Release|Any CPU
		{FABCE39C-D035-4789-A706-6198388772D4}.Release|Any CPU.Build.0 = Release|Any CPU
	EndGlobalSection
	GlobalSection(SolutionProperties) = preSolution
		HideSolutionNode = FALSE
	EndGlobalSection
	GlobalSection(ExtensibilityGlobals) = postSolution
		SolutionGuid = {5A67BAE1-B5E9-4313-BF6A-ABD17E12D7B8}
	EndGlobalSection
EndGlobal
